
Microsoft Visual Studio Solution File, Format Version 12.00
# Visual Studio 14
VisualStudioVersion = 14.0.24720.0
MinimumVisualStudioVersion = 10.0.40219.1
Project("{FAE04EC0-301F-11D3-BF4B-00C04F79EFBC}") = "DotStringPrinter", "DotStringPrinterApp\DotStringPrinter.csproj", "{C57549BE-C883-4B54-A17C-B7A32CE35FCF}"
EndProject
Project("{FAE04EC0-301F-11D3-BF4B-00C04F79EFBC}") = "XmlGenerator", "XmlGeneratorApp\XmlGenerator.csproj", "{CDFA69C7-753B-45A0-9F8B-04C02CA90910}"
EndProject
Global
	GlobalSection(SolutionConfigurationPlatforms) = preSolution
		Debug|Any CPU = Debug|Any CPU
		Release|Any CPU = Release|Any CPU
	EndGlobalSection
	GlobalSection(ProjectConfigurationPlatforms) = postSolution
		{C57549BE-C883-4B54-A17C-B7A32CE35FCF}.Debug|Any CPU.ActiveCfg = Debug|Any CPU
		{C57549BE-C883-4B54-A17C-B7A32CE35FCF}.Debug|Any CPU.Build.0 = Debug|Any CPU
		{C57549BE-C883-4B54-A17C-B7A32CE35FCF}.Release|Any CPU.ActiveCfg = Release|Any CPU
		{C57549BE-C883-4B54-A17C-B7A32CE35FCF}.Release|Any CPU.Build.0 = Release|Any CPU
		{CDFA69C7-753B-45A0-9F8B-04C02CA90910}.Debug|Any CPU.ActiveCfg = Debug|Any CPU
		{CDFA69C7-753B-45A0-9F8B-04C02CA90910}.Debug|Any CPU.Build.0 = Debug|Any CPU
		{CDFA69C7-753B-45A0-9F8B-04C02CA90910}.Release|Any CPU.ActiveCfg = Release|Any CPU
		{CDFA69C7-753B-45A0-9F8B-04C02CA90910}.Release|Any CPU.Build.0 = Release|Any CPU
	EndGlobalSection
	GlobalSection(SolutionProperties) = preSolution
		HideSolutionNode = FALSE
	EndGlobalSection
EndGlobal
